
Microsoft Visual Studio Solution File, Format Version 12.00
# Visual Studio 15
VisualStudioVersion = 15.0.26228.9
MinimumVisualStudioVersion = 10.0.40219.1
Project("{FAE04EC0-301F-11D3-BF4B-00C04F79EFBC}") = "Game2048", "Game2048\Game2048.csproj", "{9B2FC58F-9646-429F-93F2-7CFF30D2D50F}"
EndProject
Project("{FAE04EC0-301F-11D3-BF4B-00C04F79EFBC}") = "Game2048Test", "Game2048Test\Game2048Test.csproj", "{790C02A8-F89D-49B3-B69F-B10905D23D18}"
EndProject
Global
	GlobalSection(SolutionConfigurationPlatforms) = preSolution
		Debug|Any CPU = Debug|Any CPU
		Release|Any CPU = Release|Any CPU
	EndGlobalSection
	GlobalSection(ProjectConfigurationPlatforms) = postSolution
		{9B2FC58F-9646-429F-93F2-7CFF30D2D50F}.Debug|Any CPU.ActiveCfg = Debug|Any CPU
		{9B2FC58F-9646-429F-93F2-7CFF30D2D50F}.Debug|Any CPU.Build.0 = Debug|Any CPU
		{9B2FC58F-9646-429F-93F2-7CFF30D2D50F}.Release|Any CPU.ActiveCfg = Release|Any CPU
		{9B2FC58F-9646-429F-93F2-7CFF30D2D50F}.Release|Any CPU.Build.0 = Release|Any CPU
		{790C02A8-F89D-49B3-B69F-B10905D23D18}.Debug|Any CPU.ActiveCfg = Debug|Any CPU
		{790C02A8-F89D-49B3-B69F-B10905D23D18}.Debug|Any CPU.Build.0 = Debug|Any CPU
		{790C02A8-F89D-49B3-B69F-B10905D23D18}.Release|Any CPU.ActiveCfg = Release|Any CPU
		{790C02A8-F89D-49B3-B69F-B10905D23D18}.Release|Any CPU.Build.0 = Release|Any CPU
	EndGlobalSection
	GlobalSection(SolutionProperties) = preSolution
		HideSolutionNode = FALSE
	EndGlobalSection
EndGlobal
